RESTRICTION: == netstandard2.0
NUGET
  remote: https://api.nuget.org/v3/index.json
    Microsoft.Bcl.AsyncInterfaces (8.0)
      System.Threading.Tasks.Extensions (>= 4.5.4)
    Microsoft.Extensions.DependencyInjection.Abstractions (8.0.1)
      Microsoft.Bcl.AsyncInterfaces (>= 8.0)
      System.Threading.Tasks.Extensions (>= 4.5.4)
    Microsoft.Extensions.Logging.Abstractions (8.0.1)
      Microsoft.Extensions.DependencyInjection.Abstractions (>= 8.0.1)
      System.Buffers (>= 4.5.1)
      System.Memory (>= 4.5.5)
    Newtonsoft.Json (13.0.3)
    System.Buffers (4.5.1)
    System.Memory (4.5.5)
      System.Buffers (>= 4.5.1)
      System.Numerics.Vectors (>= 4.4)
      System.Runtime.CompilerServices.Unsafe (>= 4.5.3)
    System.Numerics.Vectors (4.5)
    System.Runtime.CompilerServices.Unsafe (6.0)
    System.Threading.Tasks.Extensions (4.5.4)
      System.Runtime.CompilerServices.Unsafe (>= 4.5.3)
    xunit (2.9)
      xunit.analyzers (>= 1.15)
      xunit.assert (>= 2.9)
      xunit.core (2.9)
    xunit.abstractions (2.0.3)
    xunit.analyzers (1.15)
    xunit.assert (2.9)
    xunit.core (2.9)
      xunit.extensibility.core (2.9)
      xunit.extensibility.execution (2.9)
    xunit.extensibility.core (2.9)
      xunit.abstractions (>= 2.0.3)
    xunit.extensibility.execution (2.9)
      xunit.extensibility.core (2.9)

GROUP Tests
RESTRICTION: || (== net472) (== net6.0) (== net8.0)
NUGET
  remote: https://api.nuget.org/v3/index.json
    coverlet.collector (6.0.2)
    Microsoft.CodeCoverage (17.10)
    Microsoft.NET.Test.Sdk (17.10)
      Microsoft.CodeCoverage (>= 17.10)
      Microsoft.TestPlatform.TestHost (>= 17.10) - restriction: || (&& (== net472) (>= netcoreapp3.1)) (== net6.0) (== net8.0)
    Microsoft.TestPlatform.ObjectModel (17.10)
      System.Reflection.Metadata (>= 1.6)
    Microsoft.TestPlatform.TestHost (17.10) - restriction: || (&& (== net472) (>= netcoreapp3.1)) (== net6.0) (== net8.0)
      Microsoft.TestPlatform.ObjectModel (>= 17.10) - restriction: || (&& (== net472) (>= netcoreapp3.1)) (== net6.0) (== net8.0)
      Newtonsoft.Json (>= 13.0.1) - restriction: || (&& (== net472) (>= netcoreapp3.1)) (== net6.0) (== net8.0)
    Newtonsoft.Json (13.0.3) - restriction: || (&& (== net472) (>= netcoreapp3.1)) (== net6.0) (== net8.0)
    System.Buffers (4.5.1) - restriction: || (== net472) (&& (== net6.0) (>= net462)) (&& (== net8.0) (>= net462))
    System.Collections.Immutable (8.0) - restriction: || (== net472) (&& (== net6.0) (>= net462)) (&& (== net8.0) (>= net462))
      System.Memory (>= 4.5.5) - restriction: || (== net472) (&& (== net6.0) (>= net462)) (&& (== net8.0) (>= net462)) (&& (== net8.0) (< net6.0))
      System.Runtime.CompilerServices.Unsafe (>= 6.0) - restriction: || (== net472) (== net6.0) (&& (== net8.0) (>= net462)) (&& (== net8.0) (< net6.0)) (&& (== net8.0) (< net7.0))
    System.Memory (4.5.5) - restriction: || (== net472) (&& (== net6.0) (>= net462)) (&& (== net8.0) (>= net462))
      System.Buffers (>= 4.5.1) - restriction: || (== net472) (&& (== net6.0) (>= monotouch)) (&& (== net6.0) (>= net461)) (&& (== net6.0) (< netcoreapp2.0)) (&& (== net6.0) (< netstandard1.1)) (&& (== net6.0) (< netstandard2.0)) (&& (== net6.0) (>= xamarinios)) (&& (== net6.0) (>= xamarinmac)) (&& (== net6.0) (>= xamarintvos)) (&& (== net6.0) (>= xamarinwatchos)) (&& (== net8.0) (>= monotouch)) (&& (== net8.0) (>= net461)) (&& (== net8.0) (< netcoreapp2.0)) (&& (== net8.0) (< netstandard1.1)) (&& (== net8.0) (< netstandard2.0)) (&& (== net8.0) (>= xamarinios)) (&& (== net8.0) (>= xamarinmac)) (&& (== net8.0) (>= xamarintvos)) (&& (== net8.0) (>= xamarinwatchos))
      System.Numerics.Vectors (>= 4.5) - restriction: || (== net472) (&& (== net6.0) (>= net461)) (&& (== net8.0) (>= net461))
      System.Runtime.CompilerServices.Unsafe (>= 4.5.3) - restriction: || (== net472) (&& (== net6.0) (>= monotouch)) (&& (== net6.0) (>= net461)) (&& (== net6.0) (< netcoreapp2.0)) (&& (== net6.0) (< netcoreapp2.1)) (&& (== net6.0) (< netstandard1.1)) (&& (== net6.0) (< netstandard2.0)) (&& (== net6.0) (>= uap10.1)) (&& (== net6.0) (>= xamarinios)) (&& (== net6.0) (>= xamarinmac)) (&& (== net6.0) (>= xamarintvos)) (&& (== net6.0) (>= xamarinwatchos)) (&& (== net8.0) (>= monotouch)) (&& (== net8.0) (>= net461)) (&& (== net8.0) (< netcoreapp2.0)) (&& (== net8.0) (< netcoreapp2.1)) (&& (== net8.0) (< netstandard1.1)) (&& (== net8.0) (< netstandard2.0)) (&& (== net8.0) (>= uap10.1)) (&& (== net8.0) (>= xamarinios)) (&& (== net8.0) (>= xamarinmac)) (&& (== net8.0) (>= xamarintvos)) (&& (== net8.0) (>= xamarinwatchos))
    System.Numerics.Vectors (4.5) - restriction: || (== net472) (&& (== net6.0) (>= net462)) (&& (== net8.0) (>= net462))
    System.Reflection.Metadata (8.0) - restriction: || (== net472) (&& (== net6.0) (>= net462)) (&& (== net8.0) (>= net462))
      System.Collections.Immutable (>= 8.0)
      System.Memory (>= 4.5.5) - restriction: || (== net472) (&& (== net6.0) (>= net462)) (&& (== net8.0) (>= net462)) (&& (== net8.0) (< net6.0))
    System.Runtime.CompilerServices.Unsafe (6.0) - restriction: || (== net472) (&& (== net6.0) (>= net462)) (&& (== net8.0) (>= net462))
    xunit (2.9)
      xunit.analyzers (>= 1.15)
      xunit.assert (>= 2.9)
      xunit.core (2.9)
    xunit.abstractions (2.0.3)
    xunit.analyzers (1.15)
    xunit.assert (2.9)
    xunit.core (2.9)
      xunit.extensibility.core (2.9)
      xunit.extensibility.execution (2.9)
    xunit.extensibility.core (2.9)
      xunit.abstractions (>= 2.0.3)
    xunit.extensibility.execution (2.9)
      xunit.extensibility.core (2.9)
    xunit.runner.visualstudio (2.8.2)
      Microsoft.TestPlatform.ObjectModel (>= 17.10) - restriction: || (== net472) (&& (== net6.0) (>= net462)) (&& (== net8.0) (>= net462))
